<?xml version="1.0" encoding="utf-8"?>
<Project ToolsVersion="4.0" xmlns="http://schemas.microsoft.com/developer/msbuild/2003">
  <ItemGroup>
    <Filter Include="Application">
      <UniqueIdentifier>{afa6afd2-bc81-43d5-a6fb-3d09c856a372}</UniqueIdentifier>
    </Filter>
    <Filter Include="PongSample">
      <UniqueIdentifier>{bbb58af4-53f4-47e0-b65e-cefa69281451}</UniqueIdentifier>
    </Filter>
  </ItemGroup>
  <ItemGroup>
    <ClInclude Include="PongSampleStd.h">
      <Filter>Application</Filter>
    </ClInclude>
    <ClInclude Include="PongSample.h">
      <Filter>Application</Filter>
    </ClInclude>
  </ItemGroup>
  <ItemGroup>
    <ClCompile Include="PongSampleStd.cpp">
      <Filter>Application</Filter>
    </ClCompile>
    <ClCompile Include="..\PongSample.cpp">
      <Filter>PongSample</Filter>
    </ClCompile>
  </ItemGroup>
</Project>