<?xml version="1.0" encoding="utf-8"?>
<Project ToolsVersion="4.0" xmlns="http://schemas.microsoft.com/developer/msbuild/2003">
  <ItemGroup>
    <ClInclude Include="..\BpPhysicsApi.h" />
    <ClInclude Include="..\BpPhysicsCore.h" />
    <ClInclude Include="..\Foundation\BpFoundation.h">
      <Filter>Foundation</Filter>
    </ClInclude>
    <ClInclude Include="..\Scene\BpScene.h">
      <Filter>Scene</Filter>
    </ClInclude>
    <ClInclude Include="..\Utils\BpMath.h">
      <Filter>Utils</Filter>
    </ClInclude>
    <ClInclude Include="..\Geometry\BpGeometry.h">
      <Filter>Geometry</Filter>
    </ClInclude>
    <ClInclude Include="..\Geometry\BpGeometrySphere.h">
      <Filter>Geometry</Filter>
    </ClInclude>
    <ClInclude Include="..\BpMaterial.h" />
    <ClInclude Include="..\Actors\BpActor.h">
      <Filter>Actors</Filter>
    </ClInclude>
  </ItemGroup>
  <ItemGroup>
    <ClCompile Include="..\BpPhysicsCore.cpp" />
    <ClCompile Include="..\Foundation\BpFoundation.cpp">
      <Filter>Foundation</Filter>
    </ClCompile>
    <ClCompile Include="..\Scene\BpScene.cpp">
      <Filter>Scene</Filter>
    </ClCompile>
    <ClCompile Include="..\Utils\BpMath.cpp">
      <Filter>Utils</Filter>
    </ClCompile>
    <ClCompile Include="..\BpMaterial.cpp" />
  </ItemGroup>
  <ItemGroup>
    <Filter Include="Foundation">
      <UniqueIdentifier>{8d0f8b48-f9ab-4e78-bfa9-c20fab56ae19}</UniqueIdentifier>
    </Filter>
    <Filter Include="Scene">
      <UniqueIdentifier>{61883bc1-7e48-4978-85d1-8b16b361bc52}</UniqueIdentifier>
    </Filter>
    <Filter Include="Utils">
      <UniqueIdentifier>{f5dd4cd5-b34e-4f8f-a458-32e3877dc490}</UniqueIdentifier>
    </Filter>
    <Filter Include="Geometry">
      <UniqueIdentifier>{478e4f1a-7e52-4c06-b7e9-76f6bf9fb31d}</UniqueIdentifier>
    </Filter>
    <Filter Include="Actors">
      <UniqueIdentifier>{45d2cea3-0427-48b8-bb03-8c38fb190cc3}</UniqueIdentifier>
    </Filter>
  </ItemGroup>
</Project>