<?xml version="1.0" encoding="utf-8"?>
<Project ToolsVersion="4.0" xmlns="http://schemas.microsoft.com/developer/msbuild/2003">
  <ItemGroup>
    <ClCompile Include="..\Bombast\BombastApp.cpp">
      <Filter>Bombast</Filter>
    </ClCompile>
    <ClCompile Include="..\Graphics3D\D3DClass.cpp">
      <Filter>Graphics3D</Filter>
    </ClCompile>
    <ClCompile Include="BombastEngine.cpp">
      <Filter>Bombast</Filter>
    </ClCompile>
    <ClCompile Include="..\Graphics2D\BitmapClass.cpp">
      <Filter>Graphics2D</Filter>
    </ClCompile>
    <ClCompile Include="..\Graphics2D\TextureClass.cpp">
      <Filter>Graphics2D</Filter>
    </ClCompile>
    <ClCompile Include="..\Graphics2D\TextureShaderClass.cpp">
      <Filter>Graphics2D</Filter>
    </ClCompile>
    <ClCompile Include="..\Graphics3D\CameraClass.cpp">
      <Filter>Graphics3D</Filter>
    </ClCompile>
    <ClCompile Include="..\Graphics3D\ModelClass.cpp">
      <Filter>Graphics3D</Filter>
    </ClCompile>
    <ClCompile Include="..\Graphics2D\ColorShaderClass.cpp">
      <Filter>Graphics2D</Filter>
    </ClCompile>
    <ClCompile Include="..\Utilities\DDSTextureLoader.cpp">
      <Filter>Utilities</Filter>
    </ClCompile>
    <ClCompile Include="..\Game\BombastGame.cpp">
      <Filter>Game</Filter>
    </ClCompile>
    <ClCompile Include="..\InputCore\InputCore.cpp">
      <Filter>InputCore</Filter>
    </ClCompile>
    <ClCompile Include="..\Entity\Entity.cpp">
      <Filter>Entity</Filter>
    </ClCompile>
    <ClCompile Include="..\Entity\BitmapEntity.cpp">
      <Filter>Entity</Filter>
    </ClCompile>
    <ClCompile Include="..\Actor\Actor.cpp">
      <Filter>Actor</Filter>
    </ClCompile>
    <ClCompile Include="..\Utilities\Initialization.cpp">
      <Filter>Utilities</Filter>
    </ClCompile>
    <ClCompile Include="..\Graphics3D\GraphicsManager.cpp">
      <Filter>Graphics3D</Filter>
    </ClCompile>
    <ClCompile Include="..\Entity\EntitiesManager.cpp">
      <Filter>Entity</Filter>
    </ClCompile>
    <ClCompile Include="..\Bombast\CoreGameLogic.cpp">
      <Filter>Bombast</Filter>
    </ClCompile>
    <ClCompile Include="..\Utilities\String.cpp">
      <Filter>Utilities</Filter>
    </ClCompile>
    <ClCompile Include="stdafx.cpp">
      <Filter>Msvc</Filter>
    </ClCompile>
    <ClCompile Include="..\Resources\ResourceCache.cpp">
      <Filter>Resources</Filter>
    </ClCompile>
    <ClCompile Include="..\Resources\ZipFile.cpp">
      <Filter>Resources</Filter>
    </ClCompile>
    <ClCompile Include="..\Actor\ActorFactory.cpp">
      <Filter>Actor</Filter>
    </ClCompile>
    <ClCompile Include="..\Resources\XmlResource.cpp">
      <Filter>Resources</Filter>
    </ClCompile>
    <ClCompile Include="..\Graphics3D\Geometry.cpp">
      <Filter>Graphics3D</Filter>
    </ClCompile>
    <ClCompile Include="..\Actor\TransformComponent.cpp">
      <Filter>Actor</Filter>
    </ClCompile>
    <ClCompile Include="..\Graphics3D\SceneNode.cpp">
      <Filter>Graphics3D</Filter>
    </ClCompile>
    <ClCompile Include="..\Graphics3D\Material.cpp">
      <Filter>Graphics3D</Filter>
    </ClCompile>
    <ClCompile Include="..\BombastEngineStd.cpp" />
    <ClCompile Include="..\Actor\RenderComponent.cpp">
      <Filter>Actor</Filter>
    </ClCompile>
    <ClCompile Include="..\Graphics3D\Scene.cpp">
      <Filter>Graphics3D</Filter>
    </ClCompile>
    <ClCompile Include="..\Graphics3D\BitmapNode.cpp">
      <Filter>Graphics3D</Filter>
    </ClCompile>
    <ClCompile Include="..\Resources\TextureResource.cpp">
      <Filter>Resources</Filter>
    </ClCompile>
  </ItemGroup>
  <ItemGroup>
    <ClInclude Include="..\Bombast\BombastApp.h">
      <Filter>Bombast</Filter>
    </ClInclude>
    <ClInclude Include="..\Graphics3D\D3DClass.h">
      <Filter>Graphics3D</Filter>
    </ClInclude>
    <ClInclude Include="..\BombastEngineStd.h" />
    <ClInclude Include="..\Constants.h" />
    <ClInclude Include="..\Debugging\Logger.h">
      <Filter>Debugging</Filter>
    </ClInclude>
    <ClInclude Include="..\Graphics2D\BitmapClass.h">
      <Filter>Graphics2D</Filter>
    </ClInclude>
    <ClInclude Include="..\Graphics2D\TextureClass.h">
      <Filter>Graphics2D</Filter>
    </ClInclude>
    <ClInclude Include="..\Graphics2D\TextureShaderClass.h">
      <Filter>Graphics2D</Filter>
    </ClInclude>
    <ClInclude Include="..\Graphics3D\CameraClass.h">
      <Filter>Graphics3D</Filter>
    </ClInclude>
    <ClInclude Include="..\Graphics3D\ModelClass.h">
      <Filter>Graphics3D</Filter>
    </ClInclude>
    <ClInclude Include="..\Graphics2D\ColorShaderClass.h">
      <Filter>Graphics2D</Filter>
    </ClInclude>
    <ClInclude Include="..\Utilities\DDSTextureLoader.h">
      <Filter>Utilities</Filter>
    </ClInclude>
    <ClInclude Include="..\Game\BombastGame.h">
      <Filter>Game</Filter>
    </ClInclude>
    <ClInclude Include="..\InputCore\InputCore.h">
      <Filter>InputCore</Filter>
    </ClInclude>
    <ClInclude Include="..\Entity\Entity.h">
      <Filter>Entity</Filter>
    </ClInclude>
    <ClInclude Include="..\Entity\BitmapEntity.h">
      <Filter>Entity</Filter>
    </ClInclude>
    <ClInclude Include="..\Actor\Actor.h">
      <Filter>Actor</Filter>
    </ClInclude>
    <ClInclude Include="..\Bombast\interfaces.h">
      <Filter>Bombast</Filter>
    </ClInclude>
    <ClInclude Include="..\Actor\ActorComponent.h">
      <Filter>Actor</Filter>
    </ClInclude>
    <ClInclude Include="..\Utilities\types.h">
      <Filter>Utilities</Filter>
    </ClInclude>
    <ClInclude Include="..\Utilities\Initialization.h">
      <Filter>Utilities</Filter>
    </ClInclude>
    <ClInclude Include="..\Utilities\rapidxml.hpp">
      <Filter>Utilities</Filter>
    </ClInclude>
    <ClInclude Include="..\Graphics3D\GraphicsManager.h">
      <Filter>Graphics3D</Filter>
    </ClInclude>
    <ClInclude Include="..\Entity\EntitiesManager.h">
      <Filter>Entity</Filter>
    </ClInclude>
    <ClInclude Include="..\Bombast\CoreGameLogic.h">
      <Filter>Bombast</Filter>
    </ClInclude>
    <ClInclude Include="..\Utilities\String.h">
      <Filter>Utilities</Filter>
    </ClInclude>
    <ClInclude Include="stdafx.h">
      <Filter>Msvc</Filter>
    </ClInclude>
    <ClInclude Include="..\Resources\ResourceCache.h">
      <Filter>Resources</Filter>
    </ClInclude>
    <ClInclude Include="..\Resources\ZipFile.h">
      <Filter>Resources</Filter>
    </ClInclude>
    <ClInclude Include="..\Actor\ActorFactory.h">
      <Filter>Actor</Filter>
    </ClInclude>
    <ClInclude Include="..\Utilities\templates.h">
      <Filter>Utilities</Filter>
    </ClInclude>
    <ClInclude Include="..\Resources\XmlResource.h">
      <Filter>Resources</Filter>
    </ClInclude>
    <ClInclude Include="..\Actor\TransformComponent.h">
      <Filter>Actor</Filter>
    </ClInclude>
    <ClInclude Include="..\Graphics3D\Geometry.h">
      <Filter>Graphics3D</Filter>
    </ClInclude>
    <ClInclude Include="..\Actor\RenderComponent.h">
      <Filter>Actor</Filter>
    </ClInclude>
    <ClInclude Include="..\Graphics3D\SceneNode.h">
      <Filter>Graphics3D</Filter>
    </ClInclude>
    <ClInclude Include="..\Graphics3D\Material.h">
      <Filter>Graphics3D</Filter>
    </ClInclude>
    <ClInclude Include="..\Actor\RenderComponentInterface.h">
      <Filter>Actor</Filter>
    </ClInclude>
    <ClInclude Include="..\Graphics3D\Scene.h">
      <Filter>Graphics3D</Filter>
    </ClInclude>
    <ClInclude Include="..\Graphics3D\BitmapNode.h">
      <Filter>Graphics3D</Filter>
    </ClInclude>
    <ClInclude Include="..\Resources\TextureResource.h">
      <Filter>Resources</Filter>
    </ClInclude>
  </ItemGroup>
  <ItemGroup>
    <Filter Include="Bombast">
      <UniqueIdentifier>{ea68f329-a787-4d76-b697-566531758468}</UniqueIdentifier>
    </Filter>
    <Filter Include="Debugging">
      <UniqueIdentifier>{c862e910-11f1-4c65-b729-89e2d202dcc5}</UniqueIdentifier>
    </Filter>
    <Filter Include="Graphics3D">
      <UniqueIdentifier>{a23d99ea-a1f5-4fa2-8660-114733607779}</UniqueIdentifier>
    </Filter>
    <Filter Include="Graphics2D">
      <UniqueIdentifier>{f23c61d3-16dc-4bd6-aba5-c596ba86ced4}</UniqueIdentifier>
    </Filter>
    <Filter Include="Utilities">
      <UniqueIdentifier>{24bfa62a-a741-47b8-8cb9-4c446a8f817c}</UniqueIdentifier>
    </Filter>
    <Filter Include="Game">
      <UniqueIdentifier>{e95cea10-f6ae-4fa5-827d-054f6db9a250}</UniqueIdentifier>
    </Filter>
    <Filter Include="InputCore">
      <UniqueIdentifier>{60290247-d752-40dc-9247-1c59c4980e95}</UniqueIdentifier>
    </Filter>
    <Filter Include="Entity">
      <UniqueIdentifier>{6f15c821-9b83-4d74-bf4c-4f3e0b9bc433}</UniqueIdentifier>
    </Filter>
    <Filter Include="Actor">
      <UniqueIdentifier>{1bdb76db-5655-424a-a622-9e917a388492}</UniqueIdentifier>
    </Filter>
    <Filter Include="Msvc">
      <UniqueIdentifier>{b38645cb-2245-43f5-9758-e4c7058fb821}</UniqueIdentifier>
    </Filter>
    <Filter Include="Resources">
      <UniqueIdentifier>{272b0025-58a5-4835-ad03-459b326eaa4c}</UniqueIdentifier>
    </Filter>
  </ItemGroup>
</Project>