<?xml version="1.0" encoding="utf-8"?>
<Project ToolsVersion="4.0" xmlns="http://schemas.microsoft.com/developer/msbuild/2003">
  <ItemGroup>
    <ClCompile Include="..\Bombast\BombastApp.cpp">
      <Filter>Bombast</Filter>
    </ClCompile>
    <ClCompile Include="..\Graphics3D\D3DClass.cpp">
      <Filter>Graphics3D</Filter>
    </ClCompile>
    <ClCompile Include="BombastEngine.cpp">
      <Filter>Bombast</Filter>
    </ClCompile>
    <ClCompile Include="..\Graphics2D\TextureClass.cpp">
      <Filter>Graphics2D</Filter>
    </ClCompile>
    <ClCompile Include="..\Utilities\DDSTextureLoader.cpp">
      <Filter>Utilities</Filter>
    </ClCompile>
    <ClCompile Include="..\Game\BombastGame.cpp">
      <Filter>Game</Filter>
    </ClCompile>
    <ClCompile Include="..\InputCore\InputCore.cpp">
      <Filter>InputCore</Filter>
    </ClCompile>
    <ClCompile Include="..\Actor\Actor.cpp">
      <Filter>Actor</Filter>
    </ClCompile>
    <ClCompile Include="..\Utilities\Initialization.cpp">
      <Filter>Utilities</Filter>
    </ClCompile>
    <ClCompile Include="..\Graphics3D\GraphicsManager.cpp">
      <Filter>Graphics3D</Filter>
    </ClCompile>
    <ClCompile Include="..\Bombast\CoreGameLogic.cpp">
      <Filter>Bombast</Filter>
    </ClCompile>
    <ClCompile Include="..\Utilities\String.cpp">
      <Filter>Utilities</Filter>
    </ClCompile>
    <ClCompile Include="stdafx.cpp">
      <Filter>Msvc</Filter>
    </ClCompile>
    <ClCompile Include="..\Resources\ResourceCache.cpp">
      <Filter>Resources</Filter>
    </ClCompile>
    <ClCompile Include="..\Resources\ZipFile.cpp">
      <Filter>Resources</Filter>
    </ClCompile>
    <ClCompile Include="..\Actor\ActorFactory.cpp">
      <Filter>Actor</Filter>
    </ClCompile>
    <ClCompile Include="..\Resources\XmlResource.cpp">
      <Filter>Resources</Filter>
    </ClCompile>
    <ClCompile Include="..\Graphics3D\Geometry.cpp">
      <Filter>Graphics3D</Filter>
    </ClCompile>
    <ClCompile Include="..\Actor\TransformComponent.cpp">
      <Filter>Actor</Filter>
    </ClCompile>
    <ClCompile Include="..\Graphics3D\SceneNode.cpp">
      <Filter>Graphics3D</Filter>
    </ClCompile>
    <ClCompile Include="..\Graphics3D\Material.cpp">
      <Filter>Graphics3D</Filter>
    </ClCompile>
    <ClCompile Include="..\BombastEngineStd.cpp" />
    <ClCompile Include="..\Actor\RenderComponent.cpp">
      <Filter>Actor</Filter>
    </ClCompile>
    <ClCompile Include="..\Graphics3D\Scene.cpp">
      <Filter>Graphics3D</Filter>
    </ClCompile>
    <ClCompile Include="..\Resources\TextureResource.cpp">
      <Filter>Resources</Filter>
    </ClCompile>
    <ClCompile Include="..\Scripting\LuaCoreManager.cpp">
      <Filter>Scripting</Filter>
    </ClCompile>
    <ClCompile Include="..\Resources\LuaResource.cpp">
      <Filter>Resources</Filter>
    </ClCompile>
    <ClCompile Include="..\Utilities\Math.cpp">
      <Filter>Utilities</Filter>
    </ClCompile>
    <ClCompile Include="..\Events\EventManager.cpp">
      <Filter>Events</Filter>
    </ClCompile>
    <ClCompile Include="..\Events\EventManagerImpl.cpp">
      <Filter>Events</Filter>
    </ClCompile>
    <ClCompile Include="..\Events\Events.cpp">
      <Filter>Events</Filter>
    </ClCompile>
    <ClCompile Include="..\Utilities\Timer.cpp">
      <Filter>Utilities</Filter>
    </ClCompile>
    <ClCompile Include="..\Game\HumanView.cpp">
      <Filter>Game</Filter>
    </ClCompile>
    <ClCompile Include="..\Graphics3D\Raycast.cpp">
      <Filter>Graphics3D</Filter>
    </ClCompile>
    <ClCompile Include="..\Game\Process.cpp">
      <Filter>Game</Filter>
    </ClCompile>
    <ClCompile Include="..\Game\ProcessManager.cpp">
      <Filter>Game</Filter>
    </ClCompile>
    <ClCompile Include="..\MultiThreading\RealtimeProcess.cpp">
      <Filter>MultiThreading</Filter>
    </ClCompile>
    <ClCompile Include="..\Debugging\DebugText.cpp">
      <Filter>Debugging</Filter>
    </ClCompile>
    <ClCompile Include="..\Graphics2D\FontClass.cpp">
      <Filter>Graphics2D</Filter>
    </ClCompile>
    <ClCompile Include="..\Debugging\DebugManager.cpp">
      <Filter>Debugging</Filter>
    </ClCompile>
    <ClCompile Include="..\Actor\PhysicsComponent.cpp">
      <Filter>Actor</Filter>
    </ClCompile>
    <ClCompile Include="..\Physics\Physics.cpp">
      <Filter>Physics</Filter>
    </ClCompile>
    <ClCompile Include="..\Physics\PhysXPhysics.cpp">
      <Filter>Physics</Filter>
    </ClCompile>
    <ClCompile Include="..\Graphics3D\MovementController.cpp">
      <Filter>Graphics3D</Filter>
    </ClCompile>
    <ClCompile Include="..\Debugging\Logger.cpp">
      <Filter>Debugging</Filter>
    </ClCompile>
    <ClCompile Include="..\Resources\ModelResource.cpp">
      <Filter>Resources</Filter>
    </ClCompile>
    <ClCompile Include="..\Utilities\SystemResourceMonitor.cpp">
      <Filter>Utilities</Filter>
    </ClCompile>
    <ClCompile Include="..\Graphics3D\RenderNodes.cpp">
      <Filter>Graphics3D</Filter>
    </ClCompile>
    <ClCompile Include="..\Utilities\BMDLMeshLoader.cpp">
      <Filter>Utilities</Filter>
    </ClCompile>
    <ClCompile Include="..\Graphics3D\Lighting.cpp">
      <Filter>Graphics3D</Filter>
    </ClCompile>
    <ClCompile Include="..\Resources\MaterialResource.cpp">
      <Filter>Resources</Filter>
    </ClCompile>
    <ClCompile Include="..\Resources\ShaderResource.cpp">
      <Filter>Resources</Filter>
    </ClCompile>
    <ClCompile Include="..\Shading\ShaderManager.cpp">
      <Filter>Shading</Filter>
    </ClCompile>
    <ClCompile Include="..\Shading\FontShader.cpp">
      <Filter>Shading</Filter>
    </ClCompile>
    <ClCompile Include="..\Utilities\WICTextureLoader.cpp">
      <Filter>Utilities</Filter>
    </ClCompile>
    <ClCompile Include="..\Shading\DeferredRenderingManager.cpp">
      <Filter>Shading</Filter>
    </ClCompile>
    <ClCompile Include="..\Shading\DeferredLightShader.cpp">
      <Filter>Shading</Filter>
    </ClCompile>
    <ClCompile Include="..\Graphics2D\PostProcessRenderWindow.cpp">
      <Filter>Graphics2D</Filter>
    </ClCompile>
    <ClCompile Include="..\Shading\StaticMeshShader.cpp">
      <Filter>Shading</Filter>
    </ClCompile>
  </ItemGroup>
  <ItemGroup>
    <ClInclude Include="..\Bombast\BombastApp.h">
      <Filter>Bombast</Filter>
    </ClInclude>
    <ClInclude Include="..\Graphics3D\D3DClass.h">
      <Filter>Graphics3D</Filter>
    </ClInclude>
    <ClInclude Include="..\BombastEngineStd.h" />
    <ClInclude Include="..\Constants.h" />
    <ClInclude Include="..\Debugging\Logger.h">
      <Filter>Debugging</Filter>
    </ClInclude>
    <ClInclude Include="..\Graphics2D\TextureClass.h">
      <Filter>Graphics2D</Filter>
    </ClInclude>
    <ClInclude Include="..\Graphics3D\ModelClass.h">
      <Filter>Graphics3D</Filter>
    </ClInclude>
    <ClInclude Include="..\Utilities\DDSTextureLoader.h">
      <Filter>Utilities</Filter>
    </ClInclude>
    <ClInclude Include="..\Game\BombastGame.h">
      <Filter>Game</Filter>
    </ClInclude>
    <ClInclude Include="..\InputCore\InputCore.h">
      <Filter>InputCore</Filter>
    </ClInclude>
    <ClInclude Include="..\Actor\Actor.h">
      <Filter>Actor</Filter>
    </ClInclude>
    <ClInclude Include="..\Bombast\interfaces.h">
      <Filter>Bombast</Filter>
    </ClInclude>
    <ClInclude Include="..\Actor\ActorComponent.h">
      <Filter>Actor</Filter>
    </ClInclude>
    <ClInclude Include="..\Utilities\types.h">
      <Filter>Utilities</Filter>
    </ClInclude>
    <ClInclude Include="..\Utilities\Initialization.h">
      <Filter>Utilities</Filter>
    </ClInclude>
    <ClInclude Include="..\Utilities\rapidxml.hpp">
      <Filter>Utilities</Filter>
    </ClInclude>
    <ClInclude Include="..\Graphics3D\GraphicsManager.h">
      <Filter>Graphics3D</Filter>
    </ClInclude>
    <ClInclude Include="..\Bombast\CoreGameLogic.h">
      <Filter>Bombast</Filter>
    </ClInclude>
    <ClInclude Include="..\Utilities\String.h">
      <Filter>Utilities</Filter>
    </ClInclude>
    <ClInclude Include="stdafx.h">
      <Filter>Msvc</Filter>
    </ClInclude>
    <ClInclude Include="..\Resources\ResourceCache.h">
      <Filter>Resources</Filter>
    </ClInclude>
    <ClInclude Include="..\Resources\ZipFile.h">
      <Filter>Resources</Filter>
    </ClInclude>
    <ClInclude Include="..\Actor\ActorFactory.h">
      <Filter>Actor</Filter>
    </ClInclude>
    <ClInclude Include="..\Utilities\templates.h">
      <Filter>Utilities</Filter>
    </ClInclude>
    <ClInclude Include="..\Resources\XmlResource.h">
      <Filter>Resources</Filter>
    </ClInclude>
    <ClInclude Include="..\Actor\TransformComponent.h">
      <Filter>Actor</Filter>
    </ClInclude>
    <ClInclude Include="..\Graphics3D\Geometry.h">
      <Filter>Graphics3D</Filter>
    </ClInclude>
    <ClInclude Include="..\Actor\RenderComponent.h">
      <Filter>Actor</Filter>
    </ClInclude>
    <ClInclude Include="..\Graphics3D\SceneNode.h">
      <Filter>Graphics3D</Filter>
    </ClInclude>
    <ClInclude Include="..\Graphics3D\Material.h">
      <Filter>Graphics3D</Filter>
    </ClInclude>
    <ClInclude Include="..\Actor\RenderComponentInterface.h">
      <Filter>Actor</Filter>
    </ClInclude>
    <ClInclude Include="..\Graphics3D\Scene.h">
      <Filter>Graphics3D</Filter>
    </ClInclude>
    <ClInclude Include="..\Resources\TextureResource.h">
      <Filter>Resources</Filter>
    </ClInclude>
    <ClInclude Include="..\Scripting\LuaCoreManager.h">
      <Filter>Scripting</Filter>
    </ClInclude>
    <ClInclude Include="..\Resources\LuaResource.h">
      <Filter>Resources</Filter>
    </ClInclude>
    <ClInclude Include="..\Scripting\LuaExports.h">
      <Filter>Scripting</Filter>
    </ClInclude>
    <ClInclude Include="..\Scripting\LuaEvent.h">
      <Filter>Scripting</Filter>
    </ClInclude>
    <ClInclude Include="..\Events\EventManager.h">
      <Filter>Events</Filter>
    </ClInclude>
    <ClInclude Include="..\MultiThreading\MultiThreadUtilities.h">
      <Filter>MultiThreading</Filter>
    </ClInclude>
    <ClInclude Include="..\Utilities\FastDelegate\FastDelegate.h">
      <Filter>Utilities\FastDelegate</Filter>
    </ClInclude>
    <ClInclude Include="..\Utilities\Math.h">
      <Filter>Utilities</Filter>
    </ClInclude>
    <ClInclude Include="..\Events\EventManagerImpl.h">
      <Filter>Events</Filter>
    </ClInclude>
    <ClInclude Include="..\Events\Events.h">
      <Filter>Events</Filter>
    </ClInclude>
    <ClInclude Include="..\Utilities\Timer.h">
      <Filter>Utilities</Filter>
    </ClInclude>
    <ClInclude Include="..\Game\HumanView.h">
      <Filter>Game</Filter>
    </ClInclude>
    <ClInclude Include="..\UI\UserInterface.h">
      <Filter>UI</Filter>
    </ClInclude>
    <ClInclude Include="..\Graphics3D\Raycast.h">
      <Filter>Graphics3D</Filter>
    </ClInclude>
    <ClInclude Include="..\Game\Process.h">
      <Filter>Game</Filter>
    </ClInclude>
    <ClInclude Include="..\Game\ProcessManager.h">
      <Filter>Game</Filter>
    </ClInclude>
    <ClInclude Include="..\MultiThreading\RealtimeProcess.h">
      <Filter>MultiThreading</Filter>
    </ClInclude>
    <ClInclude Include="..\MultiThreading\CriticalSection.h">
      <Filter>MultiThreading</Filter>
    </ClInclude>
    <ClInclude Include="..\Debugging\DebugText.h">
      <Filter>Debugging</Filter>
    </ClInclude>
    <ClInclude Include="..\Graphics2D\FontClass.h">
      <Filter>Graphics2D</Filter>
    </ClInclude>
    <ClInclude Include="..\Debugging\DebugManager.h">
      <Filter>Debugging</Filter>
    </ClInclude>
    <ClInclude Include="..\Actor\PhysicsComponent.h">
      <Filter>Actor</Filter>
    </ClInclude>
    <ClInclude Include="..\Physics\Physics.h">
      <Filter>Physics</Filter>
    </ClInclude>
    <ClInclude Include="..\Physics\PhysXPhysics.h">
      <Filter>Physics</Filter>
    </ClInclude>
    <ClInclude Include="..\Graphics3D\MovementController.h">
      <Filter>Graphics3D</Filter>
    </ClInclude>
    <ClInclude Include="..\Resources\ModelResource.h">
      <Filter>Resources</Filter>
    </ClInclude>
    <ClInclude Include="..\Utilities\SystemResourceMonitor.h">
      <Filter>Utilities</Filter>
    </ClInclude>
    <ClInclude Include="..\Graphics3D\RenderNodes.h">
      <Filter>Graphics3D</Filter>
    </ClInclude>
    <ClInclude Include="..\Utilities\BMDLMeshLoader.h">
      <Filter>Utilities</Filter>
    </ClInclude>
    <ClInclude Include="..\Graphics3D\Lighting.h">
      <Filter>Graphics3D</Filter>
    </ClInclude>
    <ClInclude Include="..\Resources\MaterialResource.h">
      <Filter>Resources</Filter>
    </ClInclude>
    <ClInclude Include="..\Resources\ShaderResource.h">
      <Filter>Resources</Filter>
    </ClInclude>
    <ClInclude Include="..\Shading\ShaderManager.h">
      <Filter>Shading</Filter>
    </ClInclude>
    <ClInclude Include="..\Shading\FontShader.h">
      <Filter>Shading</Filter>
    </ClInclude>
    <ClInclude Include="..\Utilities\WICTextureLoader.h">
      <Filter>Utilities</Filter>
    </ClInclude>
    <ClInclude Include="..\Shading\DeferredRenderingManager.h">
      <Filter>Shading</Filter>
    </ClInclude>
    <ClInclude Include="..\Utilities\DirectXUtils.h">
      <Filter>Utilities</Filter>
    </ClInclude>
    <ClInclude Include="..\Shading\DeferredLightShader.h">
      <Filter>Shading</Filter>
    </ClInclude>
    <ClInclude Include="..\Graphics2D\PostProcessRenderWindow.h">
      <Filter>Graphics2D</Filter>
    </ClInclude>
    <ClInclude Include="..\Shading\StaticMeshShader.h">
      <Filter>Shading</Filter>
    </ClInclude>
    <ClInclude Include="..\Shading\ShadingCommon.h">
      <Filter>Shading</Filter>
    </ClInclude>
  </ItemGroup>
  <ItemGroup>
    <Filter Include="Bombast">
      <UniqueIdentifier>{ea68f329-a787-4d76-b697-566531758468}</UniqueIdentifier>
    </Filter>
    <Filter Include="Debugging">
      <UniqueIdentifier>{c862e910-11f1-4c65-b729-89e2d202dcc5}</UniqueIdentifier>
    </Filter>
    <Filter Include="Graphics3D">
      <UniqueIdentifier>{a23d99ea-a1f5-4fa2-8660-114733607779}</UniqueIdentifier>
    </Filter>
    <Filter Include="Graphics2D">
      <UniqueIdentifier>{f23c61d3-16dc-4bd6-aba5-c596ba86ced4}</UniqueIdentifier>
    </Filter>
    <Filter Include="Utilities">
      <UniqueIdentifier>{24bfa62a-a741-47b8-8cb9-4c446a8f817c}</UniqueIdentifier>
    </Filter>
    <Filter Include="Game">
      <UniqueIdentifier>{e95cea10-f6ae-4fa5-827d-054f6db9a250}</UniqueIdentifier>
    </Filter>
    <Filter Include="InputCore">
      <UniqueIdentifier>{60290247-d752-40dc-9247-1c59c4980e95}</UniqueIdentifier>
    </Filter>
    <Filter Include="Actor">
      <UniqueIdentifier>{1bdb76db-5655-424a-a622-9e917a388492}</UniqueIdentifier>
    </Filter>
    <Filter Include="Msvc">
      <UniqueIdentifier>{b38645cb-2245-43f5-9758-e4c7058fb821}</UniqueIdentifier>
    </Filter>
    <Filter Include="Resources">
      <UniqueIdentifier>{272b0025-58a5-4835-ad03-459b326eaa4c}</UniqueIdentifier>
    </Filter>
    <Filter Include="Scripting">
      <UniqueIdentifier>{35f1d86d-a168-4c6a-a6a6-0ec14ed7de3b}</UniqueIdentifier>
    </Filter>
    <Filter Include="Events">
      <UniqueIdentifier>{6c83c07c-72fa-46e0-9e22-b7480faef8d6}</UniqueIdentifier>
    </Filter>
    <Filter Include="MultiThreading">
      <UniqueIdentifier>{e62ecc44-a11f-42e6-9f5c-2b2e714592d3}</UniqueIdentifier>
    </Filter>
    <Filter Include="Utilities\FastDelegate">
      <UniqueIdentifier>{e3cdbd39-d93e-4480-a782-1ff4db08fb3c}</UniqueIdentifier>
    </Filter>
    <Filter Include="UI">
      <UniqueIdentifier>{73cc8763-1316-4b27-b5b6-cd202ac7cfca}</UniqueIdentifier>
    </Filter>
    <Filter Include="Physics">
      <UniqueIdentifier>{84d99599-6e85-48f2-8342-f8a6f588ea21}</UniqueIdentifier>
    </Filter>
    <Filter Include="Shading">
      <UniqueIdentifier>{1e94e3cb-37b3-4a40-a3c7-3db9058a0acc}</UniqueIdentifier>
    </Filter>
    <Filter Include="Shading\Shaders">
      <UniqueIdentifier>{b78e3ae5-3fb9-4486-b66b-d8ab6b87bcde}</UniqueIdentifier>
    </Filter>
    <Filter Include="Shading\Shaders\StaticMesh">
      <UniqueIdentifier>{f856e645-1420-47d6-8e4c-d76a5757cb28}</UniqueIdentifier>
    </Filter>
  </ItemGroup>
  <ItemGroup>
    <FxCompile Include="..\Shading\Shaders\ColorPixelShader.hlsl">
      <Filter>Shading\Shaders</Filter>
    </FxCompile>
    <FxCompile Include="..\Shading\Shaders\ColorVertexShader.hlsl">
      <Filter>Shading\Shaders</Filter>
    </FxCompile>
    <FxCompile Include="..\Shading\Shaders\FontPixelShader.hlsl">
      <Filter>Shading\Shaders</Filter>
    </FxCompile>
    <FxCompile Include="..\Shading\Shaders\FontVertexShader.hlsl">
      <Filter>Shading\Shaders</Filter>
    </FxCompile>
    <FxCompile Include="..\Shading\Shaders\FillGBufferVertexShader.hlsl">
      <Filter>Shading\Shaders</Filter>
    </FxCompile>
    <FxCompile Include="..\Shading\Shaders\FillGBufferPixelShader.hlsl">
      <Filter>Shading\Shaders</Filter>
    </FxCompile>
    <FxCompile Include="..\Shading\Shaders\DeferredLightingVertexShader.hlsl">
      <Filter>Shading\Shaders</Filter>
    </FxCompile>
    <FxCompile Include="..\Shading\Shaders\DeferredLightingPixelShader.hlsl">
      <Filter>Shading\Shaders</Filter>
    </FxCompile>
    <FxCompile Include="..\Shading\Shaders\LitTexturedVertexShader.hlsl">
      <Filter>Shading\Shaders\StaticMesh</Filter>
    </FxCompile>
    <FxCompile Include="..\Shading\Shaders\StaticMesh\staticmesh_lit_colored.hlsl">
      <Filter>Shading\Shaders\StaticMesh</Filter>
    </FxCompile>
    <FxCompile Include="..\Shading\Shaders\StaticMesh\staticmesh_unlit_textured.hlsl">
      <Filter>Shading\Shaders\StaticMesh</Filter>
    </FxCompile>
    <FxCompile Include="..\Shading\Shaders\StaticMesh\staticmesh_unlit_colored.hlsl">
      <Filter>Shading\Shaders\StaticMesh</Filter>
    </FxCompile>
    <FxCompile Include="..\Shading\Shaders\StaticMesh\staticmesh_common.hlsl">
      <Filter>Shading\Shaders\StaticMesh</Filter>
    </FxCompile>
    <FxCompile Include="..\Shading\Shaders\StaticMesh\staticmesh_lit_textured.hlsl">
      <Filter>Shading\Shaders\StaticMesh</Filter>
    </FxCompile>
  </ItemGroup>
  <ItemGroup>
    <None Include="..\Shading\Shaders\UberShader.fxh">
      <Filter>Shading\Shaders</Filter>
    </None>
    <None Include="..\Shading\Shaders\MaterialCommon.fxh">
      <Filter>Shading\Shaders</Filter>
    </None>
  </ItemGroup>
</Project>